// !$*UTF8*$!
{
	archiveVersion = 1;
	classes = {
	};
	objectVersion = 46;
	objects = {

/* Begin PBXBuildFile section */
		0A22B3CF1AB0925100D8A4AB /* LoginManager.m in Sources */ = {isa = PBXBuildFile; fileRef = 0A22B3CE1AB0925100D8A4AB /* LoginManager.m */; };
		0AA5D6DA18D6817A000ADFD1 /* ShowScores.m in Sources */ = {isa = PBXBuildFile; fileRef = 0AA5D6D918D6817A000ADFD1 /* ShowScores.m */; };
		0AA5D6DD18D757E6000ADFD1 /* MasterShowArray.m in Sources */ = {isa = PBXBuildFile; fileRef = 0AA5D6DC18D757E6000ADFD1 /* MasterShowArray.m */; };
		0AA5D6E318D8E1E2000ADFD1 /* Reachability.m in Sources */ = {isa = PBXBuildFile; fileRef = 0AA5D6E218D8E1E2000ADFD1 /* Reachability.m */; };
		0AB707331887BCB10004A791 /* Foundation.framework in Frameworks */ = {isa = PBXBuildFile; fileRef = 0AB707321887BCB10004A791 /* Foundation.framework */; };
		0AB707351887BCB10004A791 /* CoreGraphics.framework in Frameworks */ = {isa = PBXBuildFile; fileRef = 0AB707341887BCB10004A791 /* CoreGraphics.framework */; };
		0AB707371887BCB10004A791 /* UIKit.framework in Frameworks */ = {isa = PBXBuildFile; fileRef = 0AB707361887BCB10004A791 /* UIKit.framework */; };
		0AB7073D1887BCB10004A791 /* InfoPlist.strings in Resources */ = {isa = PBXBuildFile; fileRef = 0AB7073B1887BCB10004A791 /* InfoPlist.strings */; };
		0AB7073F1887BCB10004A791 /* main.m in Sources */ = {isa = PBXBuildFile; fileRef = 0AB7073E1887BCB10004A791 /* main.m */; };
		0AB707431887BCB10004A791 /* AppDelegate.m in Sources */ = {isa = PBXBuildFile; fileRef = 0AB707421887BCB10004A791 /* AppDelegate.m */; };
		0AB707461887BCB10004A791 /* Main.storyboard in Resources */ = {isa = PBXBuildFile; fileRef = 0AB707441887BCB10004A791 /* Main.storyboard */; };
		0AB707491887BCB10004A791 /* MasterViewController.m in Sources */ = {isa = PBXBuildFile; fileRef = 0AB707481887BCB10004A791 /* MasterViewController.m */; };
		0AB7074C1887BCB10004A791 /* DetailViewController.m in Sources */ = {isa = PBXBuildFile; fileRef = 0AB7074B1887BCB10004A791 /* DetailViewController.m */; };
		0AB7074E1887BCB10004A791 /* Images.xcassets in Resources */ = {isa = PBXBuildFile; fileRef = 0AB7074D1887BCB10004A791 /* Images.xcassets */; };
		0AB707551887BCB10004A791 /* XCTest.framework in Frameworks */ = {isa = PBXBuildFile; fileRef = 0AB707541887BCB10004A791 /* XCTest.framework */; };
		0AB707561887BCB10004A791 /* Foundation.framework in Frameworks */ = {isa = PBXBuildFile; fileRef = 0AB707321887BCB10004A791 /* Foundation.framework */; };
		0AB707571887BCB10004A791 /* UIKit.framework in Frameworks */ = {isa = PBXBuildFile; fileRef = 0AB707361887BCB10004A791 /* UIKit.framework */; };
		0AB7075F1887BCB10004A791 /* InfoPlist.strings in Resources */ = {isa = PBXBuildFile; fileRef = 0AB7075D1887BCB10004A791 /* InfoPlist.strings */; };
		0AB707611887BCB10004A791 /* greekSingScoringTests.m in Sources */ = {isa = PBXBuildFile; fileRef = 0AB707601887BCB10004A791 /* greekSingScoringTests.m */; };
/* End PBXBuildFile section */

/* Begin PBXContainerItemProxy section */
		0AB707581887BCB10004A791 /* PBXContainerItemProxy */ = {
			isa = PBXContainerItemProxy;
			containerPortal = 0AB707271887BCB10004A791 /* Project object */;
			proxyType = 1;
			remoteGlobalIDString = 0AB7072E1887BCB10004A791;
			remoteInfo = greekSingScoring;
		};
/* End PBXContainerItemProxy section */

/* Begin PBXFileReference section */
		0A22B3CD1AB0925100D8A4AB /* LoginManager.h */ = {isa = PBXFileReference; fileEncoding = 4; lastKnownFileType = sourcecode.c.h; path = LoginManager.h; sourceTree = "<group>"; };
		0A22B3CE1AB0925100D8A4AB /* LoginManager.m */ = {isa = PBXFileReference; fileEncoding = 4; lastKnownFileType = sourcecode.c.objc; path = LoginManager.m; sourceTree = "<group>"; };
		0A6DBB1318D90C7500F0D024 /* SystemConfiguration.framework */ = {isa = PBXFileReference; lastKnownFileType = wrapper.framework; name = SystemConfiguration.framework; path = System/Library/Frameworks/SystemConfiguration.framework; sourceTree = SDKROOT; };
		0AA5D6D818D6817A000ADFD1 /* ShowScores.h */ = {isa = PBXFileReference; fileEncoding = 4; lastKnownFileType = sourcecode.c.h; path = ShowScores.h; sourceTree = "<group>"; };
		0AA5D6D918D6817A000ADFD1 /* ShowScores.m */ = {isa = PBXFileReference; fileEncoding = 4; lastKnownFileType = sourcecode.c.objc; path = ShowScores.m; sourceTree = "<group>"; };
		0AA5D6DB18D757E6000ADFD1 /* MasterShowArray.h */ = {isa = PBXFileReference; fileEncoding = 4; lastKnownFileType = sourcecode.c.h; path = MasterShowArray.h; sourceTree = "<group>"; };
		0AA5D6DC18D757E6000ADFD1 /* MasterShowArray.m */ = {isa = PBXFileReference; fileEncoding = 4; lastKnownFileType = sourcecode.c.objc; path = MasterShowArray.m; sourceTree = "<group>"; };
		0AA5D6E118D8E1E2000ADFD1 /* Reachability.h */ = {isa = PBXFileReference; fileEncoding = 4; lastKnownFileType = sourcecode.c.h; path = Reachability.h; sourceTree = "<group>"; };
		0AA5D6E218D8E1E2000ADFD1 /* Reachability.m */ = {isa = PBXFileReference; fileEncoding = 4; lastKnownFileType = sourcecode.c.objc; path = Reachability.m; sourceTree = "<group>"; };
		0AB7072F1887BCB10004A791 /* greekSingScoring.app */ = {isa = PBXFileReference; explicitFileType = wrapper.application; includeInIndex = 0; path = greekSingScoring.app; sourceTree = BUILT_PRODUCTS_DIR; };
		0AB707321887BCB10004A791 /* Foundation.framework */ = {isa = PBXFileReference; lastKnownFileType = wrapper.framework; name = Foundation.framework; path = System/Library/Frameworks/Foundation.framework; sourceTree = SDKROOT; };
		0AB707341887BCB10004A791 /* CoreGraphics.framework */ = {isa = PBXFileReference; lastKnownFileType = wrapper.framework; name = CoreGraphics.framework; path = System/Library/Frameworks/CoreGraphics.framework; sourceTree = SDKROOT; };
		0AB707361887BCB10004A791 /* UIKit.framework */ = {isa = PBXFileReference; lastKnownFileType = wrapper.framework; name = UIKit.framework; path = System/Library/Frameworks/UIKit.framework; sourceTree = SDKROOT; };
		0AB7073A1887BCB10004A791 /* greekSingScoring-Info.plist */ = {isa = PBXFileReference; lastKnownFileType = text.plist.xml; path = "greekSingScoring-Info.plist"; sourceTree = "<group>"; };
		0AB7073C1887BCB10004A791 /* en */ = {isa = PBXFileReference; lastKnownFileType = text.plist.strings; name = en; path = en.lproj/InfoPlist.strings; sourceTree = "<group>"; };
		0AB7073E1887BCB10004A791 /* main.m */ = {isa = PBXFileReference; lastKnownFileType = sourcecode.c.objc; path = main.m; sourceTree = "<group>"; };
		0AB707401887BCB10004A791 /* greekSingScoring-Prefix.pch */ = {isa = PBXFileReference; lastKnownFileType = sourcecode.c.h; path = "greekSingScoring-Prefix.pch"; sourceTree = "<group>"; };
		0AB707411887BCB10004A791 /* AppDelegate.h */ = {isa = PBXFileReference; lastKnownFileType = sourcecode.c.h; path = AppDelegate.h; sourceTree = "<group>"; };
		0AB707421887BCB10004A791 /* AppDelegate.m */ = {isa = PBXFileReference; lastKnownFileType = sourcecode.c.objc; path = AppDelegate.m; sourceTree = "<group>"; };
		0AB707451887BCB10004A791 /* Base */ = {isa = PBXFileReference; lastKnownFileType = file.storyboard; name = Base; path = Base.lproj/Main.storyboard; sourceTree = "<group>"; };
		0AB707471887BCB10004A791 /* MasterViewController.h */ = {isa = PBXFileReference; lastKnownFileType = sourcecode.c.h; path = MasterViewController.h; sourceTree = "<group>"; };
		0AB707481887BCB10004A791 /* MasterViewController.m */ = {isa = PBXFileReference; lastKnownFileType = sourcecode.c.objc; path = MasterViewController.m; sourceTree = "<group>"; };
		0AB7074A1887BCB10004A791 /* DetailViewController.h */ = {isa = PBXFileReference; lastKnownFileType = sourcecode.c.h; path = DetailViewController.h; sourceTree = "<group>"; };
		0AB7074B1887BCB10004A791 /* DetailViewController.m */ = {isa = PBXFileReference; lastKnownFileType = sourcecode.c.objc; path = DetailViewController.m; sourceTree = "<group>"; };
		0AB7074D1887BCB10004A791 /* Images.xcassets */ = {isa = PBXFileReference; lastKnownFileType = folder.assetcatalog; path = Images.xcassets; sourceTree = "<group>"; };
		0AB707531887BCB10004A791 /* greekSingScoringTests.xctest */ = {isa = PBXFileReference; explicitFileType = wrapper.cfbundle; includeInIndex = 0; path = greekSingScoringTests.xctest; sourceTree = BUILT_PRODUCTS_DIR; };
		0AB707541887BCB10004A791 /* XCTest.framework */ = {isa = PBXFileReference; lastKnownFileType = wrapper.framework; name = XCTest.framework; path = Library/Frameworks/XCTest.framework; sourceTree = DEVELOPER_DIR; };
		0AB7075C1887BCB10004A791 /* greekSingScoringTests-Info.plist */ = {isa = PBXFileReference; lastKnownFileType = text.plist.xml; path = "greekSingScoringTests-Info.plist"; sourceTree = "<group>"; };
		0AB7075E1887BCB10004A791 /* en */ = {isa = PBXFileReference; lastKnownFileType = text.plist.strings; name = en; path = en.lproj/InfoPlist.strings; sourceTree = "<group>"; };
		0AB707601887BCB10004A791 /* greekSingScoringTests.m */ = {isa = PBXFileReference; lastKnownFileType = sourcecode.c.objc; path = greekSingScoringTests.m; sourceTree = "<group>"; };
/* End PBXFileReference section */

/* Begin PBXFrameworksBuildPhase section */
		0AB7072C1887BCB10004A791 /* Frameworks */ = {
			isa = PBXFrameworksBuildPhase;
			buildActionMask = 2147483647;
			files = (
				0AB707351887BCB10004A791 /* CoreGraphics.framework in Frameworks */,
				0AB707371887BCB10004A791 /* UIKit.framework in Frameworks */,
				0AB707331887BCB10004A791 /* Foundation.framework in Frameworks */,
			);
			runOnlyForDeploymentPostprocessing = 0;
		};
		0AB707501887BCB10004A791 /* Frameworks */ = {
			isa = PBXFrameworksBuildPhase;
			buildActionMask = 2147483647;
			files = (
				0AB707551887BCB10004A791 /* XCTest.framework in Frameworks */,
				0AB707571887BCB10004A791 /* UIKit.framework in Frameworks */,
				0AB707561887BCB10004A791 /* Foundation.framework in Frameworks */,
			);
			runOnlyForDeploymentPostprocessing = 0;
		};
/* End PBXFrameworksBuildPhase section */

/* Begin PBXGroup section */
		0AB707261887BCB10004A791 = {
			isa = PBXGroup;
			children = (
				0AB707381887BCB10004A791 /* greekSingScoring */,
				0AB7075A1887BCB10004A791 /* greekSingScoringTests */,
				0AB707311887BCB10004A791 /* Frameworks */,
				0AB707301887BCB10004A791 /* Products */,
			);
			sourceTree = "<group>";
		};
		0AB707301887BCB10004A791 /* Products */ = {
			isa = PBXGroup;
			children = (
				0AB7072F1887BCB10004A791 /* greekSingScoring.app */,
				0AB707531887BCB10004A791 /* greekSingScoringTests.xctest */,
			);
			name = Products;
			sourceTree = "<group>";
		};
		0AB707311887BCB10004A791 /* Frameworks */ = {
			isa = PBXGroup;
			children = (
				0A6DBB1318D90C7500F0D024 /* SystemConfiguration.framework */,
				0AB707321887BCB10004A791 /* Foundation.framework */,
				0AB707341887BCB10004A791 /* CoreGraphics.framework */,
				0AB707361887BCB10004A791 /* UIKit.framework */,
				0AB707541887BCB10004A791 /* XCTest.framework */,
			);
			name = Frameworks;
			sourceTree = "<group>";
		};
		0AB707381887BCB10004A791 /* greekSingScoring */ = {
			isa = PBXGroup;
			children = (
				0AB707441887BCB10004A791 /* Main.storyboard */,
				0AB707411887BCB10004A791 /* AppDelegate.h */,
				0AB707421887BCB10004A791 /* AppDelegate.m */,
				0A22B3CD1AB0925100D8A4AB /* LoginManager.h */,
				0A22B3CE1AB0925100D8A4AB /* LoginManager.m */,
				0AA5D6E118D8E1E2000ADFD1 /* Reachability.h */,
				0AA5D6E218D8E1E2000ADFD1 /* Reachability.m */,
				0AA5D6DB18D757E6000ADFD1 /* MasterShowArray.h */,
				0AA5D6DC18D757E6000ADFD1 /* MasterShowArray.m */,
				0AA5D6D818D6817A000ADFD1 /* ShowScores.h */,
				0AA5D6D918D6817A000ADFD1 /* ShowScores.m */,
				0AB707471887BCB10004A791 /* MasterViewController.h */,
				0AB707481887BCB10004A791 /* MasterViewController.m */,
				0AB7074A1887BCB10004A791 /* DetailViewController.h */,
				0AB7074B1887BCB10004A791 /* DetailViewController.m */,
				0AB7074D1887BCB10004A791 /* Images.xcassets */,
				0AB707391887BCB10004A791 /* Supporting Files */,
			);
			path = greekSingScoring;
			sourceTree = "<group>";
		};
		0AB707391887BCB10004A791 /* Supporting Files */ = {
			isa = PBXGroup;
			children = (
				0AB7073A1887BCB10004A791 /* greekSingScoring-Info.plist */,
				0AB7073B1887BCB10004A791 /* InfoPlist.strings */,
				0AB7073E1887BCB10004A791 /* main.m */,
				0AB707401887BCB10004A791 /* greekSingScoring-Prefix.pch */,
			);
			name = "Supporting Files";
			sourceTree = "<group>";
		};
		0AB7075A1887BCB10004A791 /* greekSingScoringTests */ = {
			isa = PBXGroup;
			children = (
				0AB707601887BCB10004A791 /* greekSingScoringTests.m */,
				0AB7075B1887BCB10004A791 /* Supporting Files */,
			);
			path = greekSingScoringTests;
			sourceTree = "<group>";
		};
		0AB7075B1887BCB10004A791 /* Supporting Files */ = {
			isa = PBXGroup;
			children = (
				0AB7075C1887BCB10004A791 /* greekSingScoringTests-Info.plist */,
				0AB7075D1887BCB10004A791 /* InfoPlist.strings */,
			);
			name = "Supporting Files";
			sourceTree = "<group>";
		};
/* End PBXGroup section */

/* Begin PBXNativeTarget section */
		0AB7072E1887BCB10004A791 /* greekSingScoring */ = {
			isa = PBXNativeTarget;
			buildConfigurationList = 0AB707641887BCB10004A791 /* Build configuration list for PBXNativeTarget "greekSingScoring" */;
			buildPhases = (
				0AB7072B1887BCB10004A791 /* Sources */,
				0AB7072C1887BCB10004A791 /* Frameworks */,
				0AB7072D1887BCB10004A791 /* Resources */,
			);
			buildRules = (
			);
			dependencies = (
			);
			name = greekSingScoring;
			productName = greekSingScoring;
			productReference = 0AB7072F1887BCB10004A791 /* greekSingScoring.app */;
			productType = "com.apple.product-type.application";
		};
		0AB707521887BCB10004A791 /* greekSingScoringTests */ = {
			isa = PBXNativeTarget;
			buildConfigurationList = 0AB707671887BCB10004A791 /* Build configuration list for PBXNativeTarget "greekSingScoringTests" */;
			buildPhases = (
				0AB7074F1887BCB10004A791 /* Sources */,
				0AB707501887BCB10004A791 /* Frameworks */,
				0AB707511887BCB10004A791 /* Resources */,
			);
			buildRules = (
			);
			dependencies = (
				0AB707591887BCB10004A791 /* PBXTargetDependency */,
			);
			name = greekSingScoringTests;
			productName = greekSingScoringTests;
			productReference = 0AB707531887BCB10004A791 /* greekSingScoringTests.xctest */;
			productType = "com.apple.product-type.bundle.unit-test";
		};
/* End PBXNativeTarget section */

/* Begin PBXProject section */
		0AB707271887BCB10004A791 /* Project object */ = {
			isa = PBXProject;
			attributes = {
				LastUpgradeCheck = 0510;
				ORGANIZATIONNAME = "Kevin Karol";
				TargetAttributes = {
					0AB7072E1887BCB10004A791 = {
						DevelopmentTeam = QEZ4DAZB5Y;
					};
					0AB707521887BCB10004A791 = {
						TestTargetID = 0AB7072E1887BCB10004A791;
					};
				};
			};
			buildConfigurationList = 0AB7072A1887BCB10004A791 /* Build configuration list for PBXProject "greekSingScoring" */;
			compatibilityVersion = "Xcode 3.2";
			developmentRegion = English;
			hasScannedForEncodings = 0;
			knownRegions = (
				en,
				Base,
			);
			mainGroup = 0AB707261887BCB10004A791;
			productRefGroup = 0AB707301887BCB10004A791 /* Products */;
			projectDirPath = "";
			projectRoot = "";
			targets = (
				0AB7072E1887BCB10004A791 /* greekSingScoring */,
				0AB707521887BCB10004A791 /* greekSingScoringTests */,
			);
		};
/* End PBXProject section */

/* Begin PBXResourcesBuildPhase section */
		0AB7072D1887BCB10004A791 /* Resources */ = {
			isa = PBXResourcesBuildPhase;
			buildActionMask = 2147483647;
			files = (
				0AB7074E1887BCB10004A791 /* Images.xcassets in Resources */,
				0AB7073D1887BCB10004A791 /* InfoPlist.strings in Resources */,
				0AB707461887BCB10004A791 /* Main.storyboard in Resources */,
			);
			runOnlyForDeploymentPostprocessing = 0;
		};
		0AB707511887BCB10004A791 /* Resources */ = {
			isa = PBXResourcesBuildPhase;
			buildActionMask = 2147483647;
			files = (
				0AB7075F1887BCB10004A791 /* InfoPlist.strings in Resources */,
			);
			runOnlyForDeploymentPostprocessing = 0;
		};
/* End PBXResourcesBuildPhase section */

/* Begin PBXSourcesBuildPhase section */
		0AB7072B1887BCB10004A791 /* Sources */ = {
			isa = PBXSourcesBuildPhase;
			buildActionMask = 2147483647;
			files = (
				0AA5D6DD18D757E6000ADFD1 /* MasterShowArray.m in Sources */,
				0AB707431887BCB10004A791 /* AppDelegate.m in Sources */,
				0AB707491887BCB10004A791 /* MasterViewController.m in Sources */,
				0AA5D6E318D8E1E2000ADFD1 /* Reachability.m in Sources */,
				0AA5D6DA18D6817A000ADFD1 /* ShowScores.m in Sources */,
				0A22B3CF1AB0925100D8A4AB /* LoginManager.m in Sources */,
				0AB7073F1887BCB10004A791 /* main.m in Sources */,
				0AB7074C1887BCB10004A791 /* DetailViewController.m in Sources */,
			);
			runOnlyForDeploymentPostprocessing = 0;
		};
		0AB7074F1887BCB10004A791 /* Sources */ = {
			isa = PBXSourcesBuildPhase;
			buildActionMask = 2147483647;
			files = (
				0AB707611887BCB10004A791 /* greekSingScoringTests.m in Sources */,
			);
			runOnlyForDeploymentPostprocessing = 0;
		};
/* End PBXSourcesBuildPhase section */

/* Begin PBXTargetDependency section */
		0AB707591887BCB10004A791 /* PBXTargetDependency */ = {
			isa = PBXTargetDependency;
			target = 0AB7072E1887BCB10004A791 /* greekSingScoring */;
			targetProxy = 0AB707581887BCB10004A791 /* PBXContainerItemProxy */;
		};
/* End PBXTargetDependency section */

/* Begin PBXVariantGroup section */
		0AB7073B1887BCB10004A791 /* InfoPlist.strings */ = {
			isa = PBXVariantGroup;
			children = (
				0AB7073C1887BCB10004A791 /* en */,
			);
			name = InfoPlist.strings;
			sourceTree = "<group>";
		};
		0AB707441887BCB10004A791 /* Main.storyboard */ = {
			isa = PBXVariantGroup;
			children = (
				0AB707451887BCB10004A791 /* Base */,
			);
			name = Main.storyboard;
			sourceTree = "<group>";
		};
		0AB7075D1887BCB10004A791 /* InfoPlist.strings */ = {
			isa = PBXVariantGroup;
			children = (
				0AB7075E1887BCB10004A791 /* en */,
			);
			name = InfoPlist.strings;
			sourceTree = "<group>";
		};
/* End PBXVariantGroup section */

/* Begin XCBuildConfiguration section */
		0AB707621887BCB10004A791 /* Debug */ = {
			isa = XCBuildConfiguration;
			buildSettings = {
				ALWAYS_SEARCH_USER_PATHS = NO;
				CLANG_CXX_LANGUAGE_STANDARD = "gnu++0x";
				CLANG_CXX_LIBRARY = "libc++";
				CLANG_ENABLE_MODULES = YES;
				CLANG_ENABLE_OBJC_ARC = YES;
				CLANG_WARN_BOOL_CONVERSION = YES;
				CLANG_WARN_CONSTANT_CONVERSION = YES;
				CLANG_WARN_DIRECT_OBJC_ISA_USAGE = YES_ERROR;
				CLANG_WARN_EMPTY_BODY = YES;
				CLANG_WARN_ENUM_CONVERSION = YES;
				CLANG_WARN_INT_CONVERSION = YES;
				CLANG_WARN_OBJC_ROOT_CLASS = YES_ERROR;
				CLANG_WARN__DUPLICATE_METHOD_MATCH = YES;
				"CODE_SIGN_IDENTITY[sdk=iphoneos*]" = "iPhone Developer";
				COPY_PHASE_STRIP = NO;
				GCC_C_LANGUAGE_STANDARD = gnu99;
				GCC_DYNAMIC_NO_PIC = NO;
				GCC_OPTIMIZATION_LEVEL = 0;
				GCC_PREPROCESSOR_DEFINITIONS = (
					"DEBUG=1",
					"$(inherited)",
				);
				GCC_SYMBOLS_PRIVATE_EXTERN = NO;
				GCC_WARN_64_TO_32_BIT_CONVERSION = YES;
				GCC_WARN_ABOUT_RETURN_TYPE = YES_ERROR;
				GCC_WARN_UNDECLARED_SELECTOR = YES;
				GCC_WARN_UNINITIALIZED_AUTOS = YES;
				GCC_WARN_UNUSED_FUNCTION = YES;
				GCC_WARN_UNUSED_VARIABLE = YES;
				IPHONEOS_DEPLOYMENT_TARGET = 7.0;
				ONLY_ACTIVE_ARCH = YES;
				SDKROOT = iphoneos;
				TARGETED_DEVICE_FAMILY = 2;
			};
			name = Debug;
		};
		0AB707631887BCB10004A791 /* Release */ = {
			isa = XCBuildConfiguration;
			buildSettings = {
				ALWAYS_SEARCH_USER_PATHS = NO;
				CLANG_CXX_LANGUAGE_STANDARD = "gnu++0x";
				CLANG_CXX_LIBRARY = "libc++";
				CLANG_ENABLE_MODULES = YES;
				CLANG_ENABLE_OBJC_ARC = YES;
				CLANG_WARN_BOOL_CONVERSION = YES;
				CLANG_WARN_CONSTANT_CONVERSION = YES;
				CLANG_WARN_DIRECT_OBJC_ISA_USAGE = YES_ERROR;
				CLANG_WARN_EMPTY_BODY = YES;
				CLANG_WARN_ENUM_CONVERSION = YES;
				CLANG_WARN_INT_CONVERSION = YES;
				CLANG_WARN_OBJC_ROOT_CLASS = YES_ERROR;
				CLANG_WARN__DUPLICATE_METHOD_MATCH = YES;
				"CODE_SIGN_IDENTITY[sdk=iphoneos*]" = "iPhone Developer";
				COPY_PHASE_STRIP = YES;
				ENABLE_NS_ASSERTIONS = NO;
				GCC_C_LANGUAGE_STANDARD = gnu99;
				GCC_WARN_64_TO_32_BIT_CONVERSION = YES;
				GCC_WARN_ABOUT_RETURN_TYPE = YES_ERROR;
				GCC_WARN_UNDECLARED_SELECTOR = YES;
				GCC_WARN_UNINITIALIZED_AUTOS = YES;
				GCC_WARN_UNUSED_FUNCTION = YES;
				GCC_WARN_UNUSED_VARIABLE = YES;
				IPHONEOS_DEPLOYMENT_TARGET = 7.0;
				SDKROOT = iphoneos;
				TARGETED_DEVICE_FAMILY = 2;
				VALIDATE_PRODUCT = YES;
			};
			name = Release;
		};
		0AB707651887BCB10004A791 /* Debug */ = {
			isa = XCBuildConfiguration;
			buildSettings = {
				ASSETCATALOG_COMPILER_APPICON_NAME = AppIcon;
				ASSETCATALOG_COMPILER_LAUNCHIMAGE_NAME = LaunchImage;
				CODE_SIGN_IDENTITY = "iPhone Developer";
				"CODE_SIGN_IDENTITY[sdk=iphoneos*]" = "iPhone Developer";
				GCC_PRECOMPILE_PREFIX_HEADER = YES;
				GCC_PREFIX_HEADER = "greekSingScoring/greekSingScoring-Prefix.pch";
				INFOPLIST_FILE = "greekSingScoring/greekSingScoring-Info.plist";
				IPHONEOS_DEPLOYMENT_TARGET = 7.1;
				PRODUCT_NAME = "$(TARGET_NAME)";
				PROVISIONING_PROFILE = "";
				WRAPPER_EXTENSION = app;
			};
			name = Debug;
		};
		0AB707661887BCB10004A791 /* Release */ = {
			isa = XCBuildConfiguration;
			buildSettings = {
				ASSETCATALOG_COMPILER_APPICON_NAME = AppIcon;
				ASSETCATALOG_COMPILER_LAUNCHIMAGE_NAME = LaunchImage;
				CODE_SIGN_IDENTITY = "iPhone Developer";
				"CODE_SIGN_IDENTITY[sdk=iphoneos*]" = "iPhone Developer";
				GCC_PRECOMPILE_PREFIX_HEADER = YES;
				GCC_PREFIX_HEADER = "greekSingScoring/greekSingScoring-Prefix.pch";
				INFOPLIST_FILE = "greekSingScoring/greekSingScoring-Info.plist";
				IPHONEOS_DEPLOYMENT_TARGET = 7.1;
				PRODUCT_NAME = "$(TARGET_NAME)";
				PROVISIONING_PROFILE = "";
				WRAPPER_EXTENSION = app;
			};
			name = Release;
		};
		0AB707681887BCB10004A791 /* Debug */ = {
			isa = XCBuildConfiguration;
			buildSettings = {
				BUNDLE_LOADER = "$(BUILT_PRODUCTS_DIR)/greekSingScoring.app/greekSingScoring";
				FRAMEWORK_SEARCH_PATHS = (
					"$(SDKROOT)/Developer/Library/Frameworks",
					"$(inherited)",
					"$(DEVELOPER_FRAMEWORKS_DIR)",
				);
				GCC_PRECOMPILE_PREFIX_HEADER = YES;
				GCC_PREFIX_HEADER = "greekSingScoring/greekSingScoring-Prefix.pch";
				GCC_PREPROCESSOR_DEFINITIONS = (
					"DEBUG=1",
					"$(inherited)",
				);
				INFOPLIST_FILE = "greekSingScoringTests/greekSingScoringTests-Info.plist";
				PRODUCT_NAME = "$(TARGET_NAME)";
				TEST_HOST = "$(BUNDLE_LOADER)";
				WRAPPER_EXTENSION = xctest;
			};
			name = Debug;
		};
		0AB707691887BCB10004A791 /* Release */ = {
			isa = XCBuildConfiguration;
			buildSettings = {
				BUNDLE_LOADER = "$(BUILT_PRODUCTS_DIR)/greekSingScoring.app/greekSingScoring";
				FRAMEWORK_SEARCH_PATHS = (
					"$(SDKROOT)/Developer/Library/Frameworks",
					"$(inherited)",
					"$(DEVELOPER_FRAMEWORKS_DIR)",
				);
				GCC_PRECOMPILE_PREFIX_HEADER = YES;
				GCC_PREFIX_HEADER = "greekSingScoring/greekSingScoring-Prefix.pch";
				INFOPLIST_FILE = "greekSingScoringTests/greekSingScoringTests-Info.plist";
				PRODUCT_NAME = "$(TARGET_NAME)";
				TEST_HOST = "$(BUNDLE_LOADER)";
				WRAPPER_EXTENSION = xctest;
			};
			name = Release;
		};
/* End XCBuildConfiguration section */

/* Begin XCConfigurationList section */
		0AB7072A1887BCB10004A791 /* Build configuration list for PBXProject "greekSingScoring" */ = {
			isa = XCConfigurationList;
			buildConfigurations = (
				0AB707621887BCB10004A791 /* Debug */,
				0AB707631887BCB10004A791 /* Release */,
			);
			defaultConfigurationIsVisible = 0;
			defaultConfigurationName = Release;
		};
		0AB707641887BCB10004A791 /* Build configuration list for PBXNativeTarget "greekSingScoring" */ = {
			isa = XCConfigurationList;
			buildConfigurations = (
				0AB707651887BCB10004A791 /* Debug */,
				0AB707661887BCB10004A791 /* Release */,
			);
			defaultConfigurationIsVisible = 0;
			defaultConfigurationName = Release;
		};
		0AB707671887BCB10004A791 /* Build configuration list for PBXNativeTarget "greekSingScoringTests" */ = {
			isa = XCConfigurationList;
			buildConfigurations = (
				0AB707681887BCB10004A791 /* Debug */,
				0AB707691887BCB10004A791 /* Release */,
			);
			defaultConfigurationIsVisible = 0;
			defaultConfigurationName = Release;
		};
/* End XCConfigurationList section */
	};
	rootObject = 0AB707271887BCB10004A791 /* Project object */;
}
